Microsoft Visual Studio Solution File, Format Version 12.00
# Visual Studio Version 17
VisualStudioVersion = 17.2.32630.192
MinimumVisualStudioVersion = 10.0.40219.1
Project("{9A19103F-16F7-4668-BE54-9A1E7A4F7556}") = "WeatherApp", "WeatherApp\WeatherApp.csproj", "{BBB4054B-AB1E-47F5-80D3-4C9EC1AA84B4}"
EndProject
Project("{9A19103F-16F7-4668-BE54-9A1E7A4F7556}") = "WeatherApp.Tests", "WeatherApp.Tests\WeatherApp.Tests.csproj", "{0D0CF45E-9668-4039-B674-609E63BAB671}"
EndProject
Project("{9A19103F-16F7-4668-BE54-9A1E7A4F7556}") = "WeatherApp.Demo.Tests", "WeatherApp.Demo1.Tests\WeatherApp.Demo.Tests.csproj", "{BC0BBE94-630D-40D5-89FC-9EE6D1CBBCDE}"
EndProject
Project("{2150E333-8FDC-42A3-9474-1A3956D46DE8}") = "Scenario", "Scenario", "{D0B15575-64C6-4D6E-A52D-3D6871E5B6BB}"
	ProjectSection(SolutionItems) = preProject
		Demo5.md = Demo5.md
	EndProjectSection
EndProject
Global
	GlobalSection(SolutionConfigurationPlatforms) = preSolution
		Debug|Any CPU = Debug|Any CPU
		Release|Any CPU = Release|Any CPU
	EndGlobalSection
	GlobalSection(ProjectConfigurationPlatforms) = postSolution
		{BBB4054B-AB1E-47F5-80D3-4C9EC1AA84B4}.Debug|Any CPU.ActiveCfg = Debug|Any CPU
		{BBB4054B-AB1E-47F5-80D3-4C9EC1AA84B4}.Debug|Any CPU.Build.0 = Debug|Any CPU
		{BBB4054B-AB1E-47F5-80D3-4C9EC1AA84B4}.Release|Any CPU.ActiveCfg = Release|Any CPU
		{BBB4054B-AB1E-47F5-80D3-4C9EC1AA84B4}.Release|Any CPU.Build.0 = Release|Any CPU
		{0D0CF45E-9668-4039-B674-609E63BAB671}.Debug|Any CPU.ActiveCfg = Debug|Any CPU
		{0D0CF45E-9668-4039-B674-609E63BAB671}.Debug|Any CPU.Build.0 = Debug|Any CPU
		{0D0CF45E-9668-4039-B674-609E63BAB671}.Release|Any CPU.ActiveCfg = Release|Any CPU
		{0D0CF45E-9668-4039-B674-609E63BAB671}.Release|Any CPU.Build.0 = Release|Any CPU
		{BC0BBE94-630D-40D5-89FC-9EE6D1CBBCDE}.Debug|Any CPU.ActiveCfg = Debug|Any CPU
		{BC0BBE94-630D-40D5-89FC-9EE6D1CBBCDE}.Debug|Any CPU.Build.0 = Debug|Any CPU
		{BC0BBE94-630D-40D5-89FC-9EE6D1CBBCDE}.Release|Any CPU.ActiveCfg = Release|Any CPU
		{BC0BBE94-630D-40D5-89FC-9EE6D1CBBCDE}.Release|Any CPU.Build.0 = Release|Any CPU
	EndGlobalSection
	GlobalSection(SolutionProperties) = preSolution
		HideSolutionNode = FALSE
	EndGlobalSection
	GlobalSection(ExtensibilityGlobals) = postSolution
		SolutionGuid = {0583D1EE-677D-4CFE-826B-0A21397CDE62}
	EndGlobalSection
EndGlobal
